
Microsoft Visual Studio Solution File, Format Version 12.00
# Visual Studio Version 17
VisualStudioVersion = 17.4.33213.308
MinimumVisualStudioVersion = 10.0.40219.1
Project("{FAE04EC0-301F-11D3-BF4B-00C04F79EFBC}") = "ProductApi", "ProductApi\ProductApi.csproj", "{50CC70BF-474D-46CF-94A3-9D669CE5FEDF}"
EndProject
Global
	GlobalSection(SolutionConfigurationPlatforms) = preSolution
		Debug|Any CPU = Debug|Any CPU
		Release|Any CPU = Release|Any CPU
	EndGlobalSection
	GlobalSection(ProjectConfigurationPlatforms) = postSolution
		{50CC70BF-474D-46CF-94A3-9D669CE5FEDF}.Debug|Any CPU.ActiveCfg = Debug|Any CPU
		{50CC70BF-474D-46CF-94A3-9D669CE5FEDF}.Debug|Any CPU.Build.0 = Debug|Any CPU
		{50CC70BF-474D-46CF-94A3-9D669CE5FEDF}.Release|Any CPU.ActiveCfg = Release|Any CPU
		{50CC70BF-474D-46CF-94A3-9D669CE5FEDF}.Release|Any CPU.Build.0 = Release|Any CPU
	EndGlobalSection
	GlobalSection(SolutionProperties) = preSolution
		HideSolutionNode = FALSE
	EndGlobalSection
	GlobalSection(ExtensibilityGlobals) = postSolution
		SolutionGuid = {49034803-9274-44C0-8D1E-85FCEBA3B2AD}
	EndGlobalSection
EndGlobal
